Microsoft Visual Studio Solution File, Format Version 12.00
# Visual Studio Version 17
VisualStudioVersion = 17.5.2.0
MinimumVisualStudioVersion = 10.0.40219.1
Project("{FAE04EC0-301F-11D3-BF4B-00C04F79EFBC}") = "Haggling.Shared", "Haggling.Shared.csproj", "{6FD44697-097E-3957-5E0A-BF54B2E66AEF}"
EndProject
Global
	GlobalSection(SolutionConfigurationPlatforms) = preSolution
		Debug|Any CPU = Debug|Any CPU
		Release|Any CPU = Release|Any CPU
	EndGlobalSection
	GlobalSection(ProjectConfigurationPlatforms) = postSolution
		{6FD44697-097E-3957-5E0A-BF54B2E66AEF}.Debug|Any CPU.ActiveCfg = Debug|Any CPU
		{6FD44697-097E-3957-5E0A-BF54B2E66AEF}.Debug|Any CPU.Build.0 = Debug|Any CPU
		{6FD44697-097E-3957-5E0A-BF54B2E66AEF}.Release|Any CPU.ActiveCfg = Release|Any CPU
		{6FD44697-097E-3957-5E0A-BF54B2E66AEF}.Release|Any CPU.Build.0 = Release|Any CPU
	EndGlobalSection
	GlobalSection(SolutionProperties) = preSolution
		HideSolutionNode = FALSE
	EndGlobalSection
	GlobalSection(ExtensibilityGlobals) = postSolution
		SolutionGuid = {BFCEE899-B235-4E66-BC02-D8458C1E48EB}
	EndGlobalSection
EndGlobal
